
Microsoft Visual Studio Solution File, Format Version 12.00
# Visual Studio Version 17
VisualStudioVersion = 17.10.35027.167
MinimumVisualStudioVersion = 10.0.40219.1
Project("{2150E333-8FDC-42A3-9474-1A3956D46DE8}") = "Services", "Services", "{E8EBE511-A648-4A7D-97A1-87B79092FE72}"
EndProject
Project("{2150E333-8FDC-42A3-9474-1A3956D46DE8}") = "Catalog", "Catalog", "{C77ADEAB-DA86-4732-B72C-9F7AE01541D6}"
EndProject
Project("{9A19103F-16F7-4668-BE54-9A1E7A4F7556}") = "Catalog.API", "Services\Catalog\Catalog.API\Catalog.API.csproj", "{E4B56A94-4FAE-47F6-94DD-76F8B1EFDEE4}"
EndProject
Project("{2150E333-8FDC-42A3-9474-1A3956D46DE8}") = "BuildingBlocks", "BuildingBlocks", "{73C2A163-E9C4-4E48-A12C-887DBC5E345C}"
EndProject
Project("{9A19103F-16F7-4668-BE54-9A1E7A4F7556}") = "BuildingBlocks", "BuildingBlocks\BuildingBlocks\BuildingBlocks.csproj", "{FE2B7220-2062-461B-9A2F-CB12C82185A7}"
EndProject
Project("{E53339B2-1760-4266-BCC7-CA923CBCF16C}") = "docker-compose", "docker-compose.dcproj", "{81CA87D2-2331-47E6-B6F4-665E01AB2CE0}"
EndProject
Project("{2150E333-8FDC-42A3-9474-1A3956D46DE8}") = "Basket", "Basket", "{C1713690-BBEB-4039-8847-BC9BBF003BCA}"
EndProject
Project("{FAE04EC0-301F-11D3-BF4B-00C04F79EFBC}") = "Basket.API", "Services\Basket\Basket.API\Basket.API.csproj", "{357E9BD1-FAF3-4865-8D70-BE4708DC5F18}"
EndProject
Global
	GlobalSection(SolutionConfigurationPlatforms) = preSolution
		Debug|Any CPU = Debug|Any CPU
		Release|Any CPU = Release|Any CPU
	EndGlobalSection
	GlobalSection(ProjectConfigurationPlatforms) = postSolution
		{E4B56A94-4FAE-47F6-94DD-76F8B1EFDEE4}.Debug|Any CPU.ActiveCfg = Debug|Any CPU
		{E4B56A94-4FAE-47F6-94DD-76F8B1EFDEE4}.Debug|Any CPU.Build.0 = Debug|Any CPU
		{E4B56A94-4FAE-47F6-94DD-76F8B1EFDEE4}.Release|Any CPU.ActiveCfg = Release|Any CPU
		{E4B56A94-4FAE-47F6-94DD-76F8B1EFDEE4}.Release|Any CPU.Build.0 = Release|Any CPU
		{FE2B7220-2062-461B-9A2F-CB12C82185A7}.Debug|Any CPU.ActiveCfg = Debug|Any CPU
		{FE2B7220-2062-461B-9A2F-CB12C82185A7}.Debug|Any CPU.Build.0 = Debug|Any CPU
		{FE2B7220-2062-461B-9A2F-CB12C82185A7}.Release|Any CPU.ActiveCfg = Release|Any CPU
		{FE2B7220-2062-461B-9A2F-CB12C82185A7}.Release|Any CPU.Build.0 = Release|Any CPU
		{81CA87D2-2331-47E6-B6F4-665E01AB2CE0}.Debug|Any CPU.ActiveCfg = Debug|Any CPU
		{81CA87D2-2331-47E6-B6F4-665E01AB2CE0}.Debug|Any CPU.Build.0 = Debug|Any CPU
		{81CA87D2-2331-47E6-B6F4-665E01AB2CE0}.Release|Any CPU.ActiveCfg = Release|Any CPU
		{81CA87D2-2331-47E6-B6F4-665E01AB2CE0}.Release|Any CPU.Build.0 = Release|Any CPU
		{357E9BD1-FAF3-4865-8D70-BE4708DC5F18}.Debug|Any CPU.ActiveCfg = Debug|Any CPU
		{357E9BD1-FAF3-4865-8D70-BE4708DC5F18}.Debug|Any CPU.Build.0 = Debug|Any CPU
		{357E9BD1-FAF3-4865-8D70-BE4708DC5F18}.Release|Any CPU.ActiveCfg = Release|Any CPU
		{357E9BD1-FAF3-4865-8D70-BE4708DC5F18}.Release|Any CPU.Build.0 = Release|Any CPU
	EndGlobalSection
	GlobalSection(SolutionProperties) = preSolution
		HideSolutionNode = FALSE
	EndGlobalSection
	GlobalSection(NestedProjects) = preSolution
		{C77ADEAB-DA86-4732-B72C-9F7AE01541D6} = {E8EBE511-A648-4A7D-97A1-87B79092FE72}
		{E4B56A94-4FAE-47F6-94DD-76F8B1EFDEE4} = {C77ADEAB-DA86-4732-B72C-9F7AE01541D6}
		{FE2B7220-2062-461B-9A2F-CB12C82185A7} = {73C2A163-E9C4-4E48-A12C-887DBC5E345C}
		{C1713690-BBEB-4039-8847-BC9BBF003BCA} = {E8EBE511-A648-4A7D-97A1-87B79092FE72}
		{357E9BD1-FAF3-4865-8D70-BE4708DC5F18} = {C1713690-BBEB-4039-8847-BC9BBF003BCA}
	EndGlobalSection
	GlobalSection(ExtensibilityGlobals) = postSolution
		SolutionGuid = {6B7B1148-E799-4F71-BE75-81342A65098D}
	EndGlobalSection
EndGlobal
