
Microsoft Visual Studio Solution File, Format Version 12.00
# Visual Studio Version 17
VisualStudioVersion = 17.10.35027.167
MinimumVisualStudioVersion = 10.0.40219.1
Project("{2150E333-8FDC-42A3-9474-1A3956D46DE8}") = "Services", "Services", "{E8EBE511-A648-4A7D-97A1-87B79092FE72}"
EndProject
Project("{2150E333-8FDC-42A3-9474-1A3956D46DE8}") = "Catalog", "Catalog", "{C77ADEAB-DA86-4732-B72C-9F7AE01541D6}"
EndProject
Project("{9A19103F-16F7-4668-BE54-9A1E7A4F7556}") = "Catalog.API", "Services\Catalog\Catalog.API\Catalog.API.csproj", "{E4B56A94-4FAE-47F6-94DD-76F8B1EFDEE4}"
EndProject
Project("{2150E333-8FDC-42A3-9474-1A3956D46DE8}") = "BuildingBlocks", "BuildingBlocks", "{73C2A163-E9C4-4E48-A12C-887DBC5E345C}"
EndProject
Project("{9A19103F-16F7-4668-BE54-9A1E7A4F7556}") = "BuildingBlocks", "BuildingBlocks\BuildingBlocks\BuildingBlocks.csproj", "{FE2B7220-2062-461B-9A2F-CB12C82185A7}"
EndProject
Project("{E53339B2-1760-4266-BCC7-CA923CBCF16C}") = "docker-compose", "docker-compose.dcproj", "{81CA87D2-2331-47E6-B6F4-665E01AB2CE0}"
EndProject
Project("{2150E333-8FDC-42A3-9474-1A3956D46DE8}") = "Basket", "Basket", "{C1713690-BBEB-4039-8847-BC9BBF003BCA}"
EndProject
Project("{9A19103F-16F7-4668-BE54-9A1E7A4F7556}") = "Basket.API", "Services\Basket\Basket.API\Basket.API.csproj", "{357E9BD1-FAF3-4865-8D70-BE4708DC5F18}"
EndProject
Project("{2150E333-8FDC-42A3-9474-1A3956D46DE8}") = "Discount", "Discount", "{BF44F997-DA3F-48DC-A3C6-757A013124F5}"
EndProject
Project("{9A19103F-16F7-4668-BE54-9A1E7A4F7556}") = "Discount.Grpc", "Services\Discount\Discount.Grpc\Discount.Grpc.csproj", "{A0AF118F-BC65-4B67-A8B9-BECD5C0144FE}"
EndProject
Project("{2150E333-8FDC-42A3-9474-1A3956D46DE8}") = "Ordering", "Ordering", "{072AE542-DC59-4240-A076-C4356331F52F}"
EndProject
Project("{9A19103F-16F7-4668-BE54-9A1E7A4F7556}") = "Ordering.API", "Services\Ordering\Ordering.API\Ordering.API.csproj", "{A4FCB15D-C559-4F7D-87F9-1CCE5F3DFC58}"
EndProject
Project("{FAE04EC0-301F-11D3-BF4B-00C04F79EFBC}") = "Ordering.Domain", "Services\Ordering\Ordering.Domain\Ordering.Domain.csproj", "{3E4AB393-F6A7-4BE4-944D-7F7A10DB2DCD}"
EndProject
Project("{FAE04EC0-301F-11D3-BF4B-00C04F79EFBC}") = "Ordering.Application", "Services\Ordering\Ordering.Application\Ordering.Application.csproj", "{D7D19949-6F8F-4C1A-86B6-A7FE0A6FB9B6}"
EndProject
Project("{FAE04EC0-301F-11D3-BF4B-00C04F79EFBC}") = "Ordering.Infrastructure", "Services\Ordering\Ordering.Infrastructure\Ordering.Infrastructure.csproj", "{D6263091-97E6-4ABB-BB6B-13AD5867EF0B}"
EndProject
Global
	GlobalSection(SolutionConfigurationPlatforms) = preSolution
		Debug|Any CPU = Debug|Any CPU
		Release|Any CPU = Release|Any CPU
	EndGlobalSection
	GlobalSection(ProjectConfigurationPlatforms) = postSolution
		{E4B56A94-4FAE-47F6-94DD-76F8B1EFDEE4}.Debug|Any CPU.ActiveCfg = Debug|Any CPU
		{E4B56A94-4FAE-47F6-94DD-76F8B1EFDEE4}.Debug|Any CPU.Build.0 = Debug|Any CPU
		{E4B56A94-4FAE-47F6-94DD-76F8B1EFDEE4}.Release|Any CPU.ActiveCfg = Release|Any CPU
		{E4B56A94-4FAE-47F6-94DD-76F8B1EFDEE4}.Release|Any CPU.Build.0 = Release|Any CPU
		{FE2B7220-2062-461B-9A2F-CB12C82185A7}.Debug|Any CPU.ActiveCfg = Debug|Any CPU
		{FE2B7220-2062-461B-9A2F-CB12C82185A7}.Debug|Any CPU.Build.0 = Debug|Any CPU
		{FE2B7220-2062-461B-9A2F-CB12C82185A7}.Release|Any CPU.ActiveCfg = Release|Any CPU
		{FE2B7220-2062-461B-9A2F-CB12C82185A7}.Release|Any CPU.Build.0 = Release|Any CPU
		{81CA87D2-2331-47E6-B6F4-665E01AB2CE0}.Debug|Any CPU.ActiveCfg = Debug|Any CPU
		{81CA87D2-2331-47E6-B6F4-665E01AB2CE0}.Debug|Any CPU.Build.0 = Debug|Any CPU
		{81CA87D2-2331-47E6-B6F4-665E01AB2CE0}.Release|Any CPU.ActiveCfg = Release|Any CPU
		{81CA87D2-2331-47E6-B6F4-665E01AB2CE0}.Release|Any CPU.Build.0 = Release|Any CPU
		{357E9BD1-FAF3-4865-8D70-BE4708DC5F18}.Debug|Any CPU.ActiveCfg = Debug|Any CPU
		{357E9BD1-FAF3-4865-8D70-BE4708DC5F18}.Debug|Any CPU.Build.0 = Debug|Any CPU
		{357E9BD1-FAF3-4865-8D70-BE4708DC5F18}.Release|Any CPU.ActiveCfg = Release|Any CPU
		{357E9BD1-FAF3-4865-8D70-BE4708DC5F18}.Release|Any CPU.Build.0 = Release|Any CPU
		{A0AF118F-BC65-4B67-A8B9-BECD5C0144FE}.Debug|Any CPU.ActiveCfg = Debug|Any CPU
		{A0AF118F-BC65-4B67-A8B9-BECD5C0144FE}.Debug|Any CPU.Build.0 = Debug|Any CPU
		{A0AF118F-BC65-4B67-A8B9-BECD5C0144FE}.Release|Any CPU.ActiveCfg = Release|Any CPU
		{A0AF118F-BC65-4B67-A8B9-BECD5C0144FE}.Release|Any CPU.Build.0 = Release|Any CPU
		{A4FCB15D-C559-4F7D-87F9-1CCE5F3DFC58}.Debug|Any CPU.ActiveCfg = Debug|Any CPU
		{A4FCB15D-C559-4F7D-87F9-1CCE5F3DFC58}.Debug|Any CPU.Build.0 = Debug|Any CPU
		{A4FCB15D-C559-4F7D-87F9-1CCE5F3DFC58}.Release|Any CPU.ActiveCfg = Release|Any CPU
		{A4FCB15D-C559-4F7D-87F9-1CCE5F3DFC58}.Release|Any CPU.Build.0 = Release|Any CPU
		{3E4AB393-F6A7-4BE4-944D-7F7A10DB2DCD}.Debug|Any CPU.ActiveCfg = Debug|Any CPU
		{3E4AB393-F6A7-4BE4-944D-7F7A10DB2DCD}.Debug|Any CPU.Build.0 = Debug|Any CPU
		{3E4AB393-F6A7-4BE4-944D-7F7A10DB2DCD}.Release|Any CPU.ActiveCfg = Release|Any CPU
		{3E4AB393-F6A7-4BE4-944D-7F7A10DB2DCD}.Release|Any CPU.Build.0 = Release|Any CPU
		{D7D19949-6F8F-4C1A-86B6-A7FE0A6FB9B6}.Debug|Any CPU.ActiveCfg = Debug|Any CPU
		{D7D19949-6F8F-4C1A-86B6-A7FE0A6FB9B6}.Debug|Any CPU.Build.0 = Debug|Any CPU
		{D7D19949-6F8F-4C1A-86B6-A7FE0A6FB9B6}.Release|Any CPU.ActiveCfg = Release|Any CPU
		{D7D19949-6F8F-4C1A-86B6-A7FE0A6FB9B6}.Release|Any CPU.Build.0 = Release|Any CPU
		{D6263091-97E6-4ABB-BB6B-13AD5867EF0B}.Debug|Any CPU.ActiveCfg = Debug|Any CPU
		{D6263091-97E6-4ABB-BB6B-13AD5867EF0B}.Debug|Any CPU.Build.0 = Debug|Any CPU
		{D6263091-97E6-4ABB-BB6B-13AD5867EF0B}.Release|Any CPU.ActiveCfg = Release|Any CPU
		{D6263091-97E6-4ABB-BB6B-13AD5867EF0B}.Release|Any CPU.Build.0 = Release|Any CPU
	EndGlobalSection
	GlobalSection(SolutionProperties) = preSolution
		HideSolutionNode = FALSE
	EndGlobalSection
	GlobalSection(NestedProjects) = preSolution
		{C77ADEAB-DA86-4732-B72C-9F7AE01541D6} = {E8EBE511-A648-4A7D-97A1-87B79092FE72}
		{E4B56A94-4FAE-47F6-94DD-76F8B1EFDEE4} = {C77ADEAB-DA86-4732-B72C-9F7AE01541D6}
		{FE2B7220-2062-461B-9A2F-CB12C82185A7} = {73C2A163-E9C4-4E48-A12C-887DBC5E345C}
		{C1713690-BBEB-4039-8847-BC9BBF003BCA} = {E8EBE511-A648-4A7D-97A1-87B79092FE72}
		{357E9BD1-FAF3-4865-8D70-BE4708DC5F18} = {C1713690-BBEB-4039-8847-BC9BBF003BCA}
		{BF44F997-DA3F-48DC-A3C6-757A013124F5} = {E8EBE511-A648-4A7D-97A1-87B79092FE72}
		{A0AF118F-BC65-4B67-A8B9-BECD5C0144FE} = {BF44F997-DA3F-48DC-A3C6-757A013124F5}
		{072AE542-DC59-4240-A076-C4356331F52F} = {E8EBE511-A648-4A7D-97A1-87B79092FE72}
		{A4FCB15D-C559-4F7D-87F9-1CCE5F3DFC58} = {072AE542-DC59-4240-A076-C4356331F52F}
		{3E4AB393-F6A7-4BE4-944D-7F7A10DB2DCD} = {072AE542-DC59-4240-A076-C4356331F52F}
		{D7D19949-6F8F-4C1A-86B6-A7FE0A6FB9B6} = {072AE542-DC59-4240-A076-C4356331F52F}
		{D6263091-97E6-4ABB-BB6B-13AD5867EF0B} = {072AE542-DC59-4240-A076-C4356331F52F}
	EndGlobalSection
	GlobalSection(ExtensibilityGlobals) = postSolution
		SolutionGuid = {6B7B1148-E799-4F71-BE75-81342A65098D}
	EndGlobalSection
EndGlobal
